
Microsoft Visual Studio Solution File, Format Version 12.00
Project("{FAE04EC0-301F-11D3-BF4B-00C04F79EFBC}") = "NflStatsDotNet", "NflStatsDotNet.csproj", "{FE3539C5-1D54-421F-B7A7-0DB33E7110E8}"
EndProject
Global
	GlobalSection(SolutionConfigurationPlatforms) = preSolution
		Debug|Any CPU = Debug|Any CPU
		Release|Any CPU = Release|Any CPU
	EndGlobalSection
	GlobalSection(ProjectConfigurationPlatforms) = postSolution
		{FE3539C5-1D54-421F-B7A7-0DB33E7110E8}.Debug|Any CPU.ActiveCfg = Debug|Any CPU
		{FE3539C5-1D54-421F-B7A7-0DB33E7110E8}.Debug|Any CPU.Build.0 = Debug|Any CPU
		{FE3539C5-1D54-421F-B7A7-0DB33E7110E8}.Release|Any CPU.ActiveCfg = Release|Any CPU
		{FE3539C5-1D54-421F-B7A7-0DB33E7110E8}.Release|Any CPU.Build.0 = Release|Any CPU
	EndGlobalSection
EndGlobal
